
Microsoft Visual Studio Solution File, Format Version 12.00
# Visual Studio 14
VisualStudioVersion = 14.0.25420.1
MinimumVisualStudioVersion = 10.0.40219.1
Project("{FAE04EC0-301F-11D3-BF4B-00C04F79EFBC}") = "XamarinDemo", "XamarinDemo\XamarinDemo\XamarinDemo.csproj", "{62B60179-0F82-4F20-A715-DA1938ED9B61}"
EndProject
Project("{FAE04EC0-301F-11D3-BF4B-00C04F79EFBC}") = "XamarinDemo.Droid", "XamarinDemo\XamarinDemo.Droid\XamarinDemo.Droid.csproj", "{E30F25DD-049A-4DD2-9876-25E809975D5D}"
EndProject
Project("{FAE04EC0-301F-11D3-BF4B-00C04F79EFBC}") = "XamarinDemo.iOS", "XamarinDemo\XamarinDemo.iOS\XamarinDemo.iOS.csproj", "{D4856B35-F6F4-4C91-B536-AB2C90CF4F41}"
EndProject
Project("{FAE04EC0-301F-11D3-BF4B-00C04F79EFBC}") = "XamarinDemo.WinPhone", "XamarinDemo\XamarinDemo.WinPhone\XamarinDemo.WinPhone.csproj", "{F29D8592-948A-442E-945A-891D64F852C2}"
EndProject
Project("{FAE04EC0-301F-11D3-BF4B-00C04F79EFBC}") = "XamarinDemo.Windows", "XamarinDemo\XamarinDemo.Windows\XamarinDemo.Windows.csproj", "{8F65E3D0-C629-43FB-B413-22D0C4148AA3}"
EndProject
Global
	GlobalSection(SolutionConfigurationPlatforms) = preSolution
		Ad-Hoc|Any CPU = Ad-Hoc|Any CPU
		Ad-Hoc|ARM = Ad-Hoc|ARM
		Ad-Hoc|iPhone = Ad-Hoc|iPhone
		Ad-Hoc|iPhoneSimulator = Ad-Hoc|iPhoneSimulator
		Ad-Hoc|x64 = Ad-Hoc|x64
		Ad-Hoc|x86 = Ad-Hoc|x86
		AppStore|Any CPU = AppStore|Any CPU
		AppStore|ARM = AppStore|ARM
		AppStore|iPhone = AppStore|iPhone
		AppStore|iPhoneSimulator = AppStore|iPhoneSimulator
		AppStore|x64 = AppStore|x64
		AppStore|x86 = AppStore|x86
		Debug|Any CPU = Debug|Any CPU
		Debug|ARM = Debug|ARM
		Debug|iPhone = Debug|iPhone
		Debug|iPhoneSimulator = Debug|iPhoneSimulator
		Debug|x64 = Debug|x64
		Debug|x86 = Debug|x86
		Release|Any CPU = Release|Any CPU
		Release|ARM = Release|ARM
		Release|iPhone = Release|iPhone
		Release|iPhoneSimulator = Release|iPhoneSimulator
		Release|x64 = Release|x64
		Release|x86 = Release|x86
	EndGlobalSection
	GlobalSection(ProjectConfigurationPlatforms) = postSolution
		{62B60179-0F82-4F20-A715-DA1938ED9B61}.Ad-Hoc|Any CPU.ActiveCfg = Release|Any CPU
		{62B60179-0F82-4F20-A715-DA1938ED9B61}.Ad-Hoc|Any CPU.Build.0 = Release|Any CPU
		{62B60179-0F82-4F20-A715-DA1938ED9B61}.Ad-Hoc|ARM.ActiveCfg = Release|Any CPU
		{62B60179-0F82-4F20-A715-DA1938ED9B61}.Ad-Hoc|ARM.Build.0 = Release|Any CPU
		{62B60179-0F82-4F20-A715-DA1938ED9B61}.Ad-Hoc|iPhone.ActiveCfg = Release|Any CPU
		{62B60179-0F82-4F20-A715-DA1938ED9B61}.Ad-Hoc|iPhone.Build.0 = Release|Any CPU
		{62B60179-0F82-4F20-A715-DA1938ED9B61}.Ad-Hoc|iPhoneSimulator.ActiveCfg = Release|Any CPU
		{62B60179-0F82-4F20-A715-DA1938ED9B61}.Ad-Hoc|iPhoneSimulator.Build.0 = Release|Any CPU
		{62B60179-0F82-4F20-A715-DA1938ED9B61}.Ad-Hoc|x64.ActiveCfg = Release|Any CPU
		{62B60179-0F82-4F20-A715-DA1938ED9B61}.Ad-Hoc|x64.Build.0 = Release|Any CPU
		{62B60179-0F82-4F20-A715-DA1938ED9B61}.Ad-Hoc|x86.ActiveCfg = Release|Any CPU
		{62B60179-0F82-4F20-A715-DA1938ED9B61}.Ad-Hoc|x86.Build.0 = Release|Any CPU
		{62B60179-0F82-4F20-A715-DA1938ED9B61}.AppStore|Any CPU.ActiveCfg = Release|Any CPU
		{62B60179-0F82-4F20-A715-DA1938ED9B61}.AppStore|Any CPU.Build.0 = Release|Any CPU
		{62B60179-0F82-4F20-A715-DA1938ED9B61}.AppStore|ARM.ActiveCfg = Release|Any CPU
		{62B60179-0F82-4F20-A715-DA1938ED9B61}.AppStore|ARM.Build.0 = Release|Any CPU
		{62B60179-0F82-4F20-A715-DA1938ED9B61}.AppStore|iPhone.ActiveCfg = Release|Any CPU
		{62B60179-0F82-4F20-A715-DA1938ED9B61}.AppStore|iPhone.Build.0 = Release|Any CPU
		{62B60179-0F82-4F20-A715-DA1938ED9B61}.AppStore|iPhoneSimulator.ActiveCfg = Release|Any CPU
		{62B60179-0F82-4F20-A715-DA1938ED9B61}.AppStore|iPhoneSimulator.Build.0 = Release|Any CPU
		{62B60179-0F82-4F20-A715-DA1938ED9B61}.AppStore|x64.ActiveCfg = Release|Any CPU
		{62B60179-0F82-4F20-A715-DA1938ED9B61}.AppStore|x64.Build.0 = Release|Any CPU
		{62B60179-0F82-4F20-A715-DA1938ED9B61}.AppStore|x86.ActiveCfg = Release|Any CPU
		{62B60179-0F82-4F20-A715-DA1938ED9B61}.AppStore|x86.Build.0 = Release|Any CPU
		{62B60179-0F82-4F20-A715-DA1938ED9B61}.Debug|Any CPU.ActiveCfg = Debug|Any CPU
		{62B60179-0F82-4F20-A715-DA1938ED9B61}.Debug|Any CPU.Build.0 = Debug|Any CPU
		{62B60179-0F82-4F20-A715-DA1938ED9B61}.Debug|ARM.ActiveCfg = Debug|Any CPU
		{62B60179-0F82-4F20-A715-DA1938ED9B61}.Debug|ARM.Build.0 = Debug|Any CPU
		{62B60179-0F82-4F20-A715-DA1938ED9B61}.Debug|iPhone.ActiveCfg = Debug|Any CPU
		{62B60179-0F82-4F20-A715-DA1938ED9B61}.Debug|iPhone.Build.0 = Debug|Any CPU
		{62B60179-0F82-4F20-A715-DA1938ED9B61}.Debug|iPhoneSimulator.ActiveCfg = Debug|Any CPU
		{62B60179-0F82-4F20-A715-DA1938ED9B61}.Debug|iPhoneSimulator.Build.0 = Debug|Any CPU
		{62B60179-0F82-4F20-A715-DA1938ED9B61}.Debug|x64.ActiveCfg = Debug|Any CPU
		{62B60179-0F82-4F20-A715-DA1938ED9B61}.Debug|x64.Build.0 = Debug|Any CPU
		{62B60179-0F82-4F20-A715-DA1938ED9B61}.Debug|x86.ActiveCfg = Debug|Any CPU
		{62B60179-0F82-4F20-A715-DA1938ED9B61}.Debug|x86.Build.0 = Debug|Any CPU
		{62B60179-0F82-4F20-A715-DA1938ED9B61}.Release|Any CPU.ActiveCfg = Release|Any CPU
		{62B60179-0F82-4F20-A715-DA1938ED9B61}.Release|Any CPU.Build.0 = Release|Any CPU
		{62B60179-0F82-4F20-A715-DA1938ED9B61}.Release|ARM.ActiveCfg = Release|Any CPU
		{62B60179-0F82-4F20-A715-DA1938ED9B61}.Release|ARM.Build.0 = Release|Any CPU
		{62B60179-0F82-4F20-A715-DA1938ED9B61}.Release|iPhone.ActiveCfg = Release|Any CPU
		{62B60179-0F82-4F20-A715-DA1938ED9B61}.Release|iPhone.Build.0 = Release|Any CPU
		{62B60179-0F82-4F20-A715-DA1938ED9B61}.Release|iPhoneSimulator.ActiveCfg = Release|Any CPU
		{62B60179-0F82-4F20-A715-DA1938ED9B61}.Release|iPhoneSimulator.Build.0 = Release|Any CPU
		{62B60179-0F82-4F20-A715-DA1938ED9B61}.Release|x64.ActiveCfg = Release|Any CPU
		{62B60179-0F82-4F20-A715-DA1938ED9B61}.Release|x64.Build.0 = Release|Any CPU
		{62B60179-0F82-4F20-A715-DA1938ED9B61}.Release|x86.ActiveCfg = Release|Any CPU
		{62B60179-0F82-4F20-A715-DA1938ED9B61}.Release|x86.Build.0 = Release|Any CPU
		{E30F25DD-049A-4DD2-9876-25E809975D5D}.Ad-Hoc|Any CPU.ActiveCfg = Release|Any CPU
		{E30F25DD-049A-4DD2-9876-25E809975D5D}.Ad-Hoc|Any CPU.Build.0 = Release|Any CPU
		{E30F25DD-049A-4DD2-9876-25E809975D5D}.Ad-Hoc|Any CPU.Deploy.0 = Release|Any CPU
		{E30F25DD-049A-4DD2-9876-25E809975D5D}.Ad-Hoc|ARM.ActiveCfg = Release|Any CPU
		{E30F25DD-049A-4DD2-9876-25E809975D5D}.Ad-Hoc|ARM.Build.0 = Release|Any CPU
		{E30F25DD-049A-4DD2-9876-25E809975D5D}.Ad-Hoc|ARM.Deploy.0 = Release|Any CPU
		{E30F25DD-049A-4DD2-9876-25E809975D5D}.Ad-Hoc|iPhone.ActiveCfg = Release|Any CPU
		{E30F25DD-049A-4DD2-9876-25E809975D5D}.Ad-Hoc|iPhone.Build.0 = Release|Any CPU
		{E30F25DD-049A-4DD2-9876-25E809975D5D}.Ad-Hoc|iPhone.Deploy.0 = Release|Any CPU
		{E30F25DD-049A-4DD2-9876-25E809975D5D}.Ad-Hoc|iPhoneSimulator.ActiveCfg = Release|Any CPU
		{E30F25DD-049A-4DD2-9876-25E809975D5D}.Ad-Hoc|iPhoneSimulator.Build.0 = Release|Any CPU
		{E30F25DD-049A-4DD2-9876-25E809975D5D}.Ad-Hoc|iPhoneSimulator.Deploy.0 = Release|Any CPU
		{E30F25DD-049A-4DD2-9876-25E809975D5D}.Ad-Hoc|x64.ActiveCfg = Release|Any CPU
		{E30F25DD-049A-4DD2-9876-25E809975D5D}.Ad-Hoc|x64.Build.0 = Release|Any CPU
		{E30F25DD-049A-4DD2-9876-25E809975D5D}.Ad-Hoc|x64.Deploy.0 = Release|Any CPU
		{E30F25DD-049A-4DD2-9876-25E809975D5D}.Ad-Hoc|x86.ActiveCfg = Release|Any CPU
		{E30F25DD-049A-4DD2-9876-25E809975D5D}.Ad-Hoc|x86.Build.0 = Release|Any CPU
		{E30F25DD-049A-4DD2-9876-25E809975D5D}.Ad-Hoc|x86.Deploy.0 = Release|Any CPU
		{E30F25DD-049A-4DD2-9876-25E809975D5D}.AppStore|Any CPU.ActiveCfg = Release|Any CPU
		{E30F25DD-049A-4DD2-9876-25E809975D5D}.AppStore|Any CPU.Build.0 = Release|Any CPU
		{E30F25DD-049A-4DD2-9876-25E809975D5D}.AppStore|Any CPU.Deploy.0 = Release|Any CPU
		{E30F25DD-049A-4DD2-9876-25E809975D5D}.AppStore|ARM.ActiveCfg = Release|Any CPU
		{E30F25DD-049A-4DD2-9876-25E809975D5D}.AppStore|ARM.Build.0 = Release|Any CPU
		{E30F25DD-049A-4DD2-9876-25E809975D5D}.AppStore|ARM.Deploy.0 = Release|Any CPU
		{E30F25DD-049A-4DD2-9876-25E809975D5D}.AppStore|iPhone.ActiveCfg = Release|Any CPU
		{E30F25DD-049A-4DD2-9876-25E809975D5D}.AppStore|iPhone.Build.0 = Release|Any CPU
		{E30F25DD-049A-4DD2-9876-25E809975D5D}.AppStore|iPhone.Deploy.0 = Release|Any CPU
		{E30F25DD-049A-4DD2-9876-25E809975D5D}.AppStore|iPhoneSimulator.ActiveCfg = Release|Any CPU
		{E30F25DD-049A-4DD2-9876-25E809975D5D}.AppStore|iPhoneSimulator.Build.0 = Release|Any CPU
		{E30F25DD-049A-4DD2-9876-25E809975D5D}.AppStore|iPhoneSimulator.Deploy.0 = Release|Any CPU
		{E30F25DD-049A-4DD2-9876-25E809975D5D}.AppStore|x64.ActiveCfg = Release|Any CPU
		{E30F25DD-049A-4DD2-9876-25E809975D5D}.AppStore|x64.Build.0 = Release|Any CPU
		{E30F25DD-049A-4DD2-9876-25E809975D5D}.AppStore|x64.Deploy.0 = Release|Any CPU
		{E30F25DD-049A-4DD2-9876-25E809975D5D}.AppStore|x86.ActiveCfg = Release|Any CPU
		{E30F25DD-049A-4DD2-9876-25E809975D5D}.AppStore|x86.Build.0 = Release|Any CPU
		{E30F25DD-049A-4DD2-9876-25E809975D5D}.AppStore|x86.Deploy.0 = Release|Any CPU
		{E30F25DD-049A-4DD2-9876-25E809975D5D}.Debug|Any CPU.ActiveCfg = Debug|Any CPU
		{E30F25DD-049A-4DD2-9876-25E809975D5D}.Debug|Any CPU.Build.0 = Debug|Any CPU
		{E30F25DD-049A-4DD2-9876-25E809975D5D}.Debug|Any CPU.Deploy.0 = Debug|Any CPU
		{E30F25DD-049A-4DD2-9876-25E809975D5D}.Debug|ARM.ActiveCfg = Debug|Any CPU
		{E30F25DD-049A-4DD2-9876-25E809975D5D}.Debug|ARM.Build.0 = Debug|Any CPU
		{E30F25DD-049A-4DD2-9876-25E809975D5D}.Debug|ARM.Deploy.0 = Debug|Any CPU
		{E30F25DD-049A-4DD2-9876-25E809975D5D}.Debug|iPhone.ActiveCfg = Debug|Any CPU
		{E30F25DD-049A-4DD2-9876-25E809975D5D}.Debug|iPhone.Build.0 = Debug|Any CPU
		{E30F25DD-049A-4DD2-9876-25E809975D5D}.Debug|iPhone.Deploy.0 = Debug|Any CPU
		{E30F25DD-049A-4DD2-9876-25E809975D5D}.Debug|iPhoneSimulator.ActiveCfg = Debug|Any CPU
		{E30F25DD-049A-4DD2-9876-25E809975D5D}.Debug|iPhoneSimulator.Build.0 = Debug|Any CPU
		{E30F25DD-049A-4DD2-9876-25E809975D5D}.Debug|iPhoneSimulator.Deploy.0 = Debug|Any CPU
		{E30F25DD-049A-4DD2-9876-25E809975D5D}.Debug|x64.ActiveCfg = Debug|Any CPU
		{E30F25DD-049A-4DD2-9876-25E809975D5D}.Debug|x64.Build.0 = Debug|Any CPU
		{E30F25DD-049A-4DD2-9876-25E809975D5D}.Debug|x64.Deploy.0 = Debug|Any CPU
		{E30F25DD-049A-4DD2-9876-25E809975D5D}.Debug|x86.ActiveCfg = Debug|Any CPU
		{E30F25DD-049A-4DD2-9876-25E809975D5D}.Debug|x86.Build.0 = Debug|Any CPU
		{E30F25DD-049A-4DD2-9876-25E809975D5D}.Debug|x86.Deploy.0 = Debug|Any CPU
		{E30F25DD-049A-4DD2-9876-25E809975D5D}.Release|Any CPU.ActiveCfg = Release|Any CPU
		{E30F25DD-049A-4DD2-9876-25E809975D5D}.Release|Any CPU.Build.0 = Release|Any CPU
		{E30F25DD-049A-4DD2-9876-25E809975D5D}.Release|Any CPU.Deploy.0 = Release|Any CPU
		{E30F25DD-049A-4DD2-9876-25E809975D5D}.Release|ARM.ActiveCfg = Release|Any CPU
		{E30F25DD-049A-4DD2-9876-25E809975D5D}.Release|ARM.Build.0 = Release|Any CPU
		{E30F25DD-049A-4DD2-9876-25E809975D5D}.Release|ARM.Deploy.0 = Release|Any CPU
		{E30F25DD-049A-4DD2-9876-25E809975D5D}.Release|iPhone.ActiveCfg = Release|Any CPU
		{E30F25DD-049A-4DD2-9876-25E809975D5D}.Release|iPhone.Build.0 = Release|Any CPU
		{E30F25DD-049A-4DD2-9876-25E809975D5D}.Release|iPhone.Deploy.0 = Release|Any CPU
		{E30F25DD-049A-4DD2-9876-25E809975D5D}.Release|iPhoneSimulator.ActiveCfg = Release|Any CPU
		{E30F25DD-049A-4DD2-9876-25E809975D5D}.Release|iPhoneSimulator.Build.0 = Release|Any CPU
		{E30F25DD-049A-4DD2-9876-25E809975D5D}.Release|iPhoneSimulator.Deploy.0 = Release|Any CPU
		{E30F25DD-049A-4DD2-9876-25E809975D5D}.Release|x64.ActiveCfg = Release|Any CPU
		{E30F25DD-049A-4DD2-9876-25E809975D5D}.Release|x64.Build.0 = Release|Any CPU
		{E30F25DD-049A-4DD2-9876-25E809975D5D}.Release|x64.Deploy.0 = Release|Any CPU
		{E30F25DD-049A-4DD2-9876-25E809975D5D}.Release|x86.ActiveCfg = Release|Any CPU
		{E30F25DD-049A-4DD2-9876-25E809975D5D}.Release|x86.Build.0 = Release|Any CPU
		{E30F25DD-049A-4DD2-9876-25E809975D5D}.Release|x86.Deploy.0 = Release|Any CPU
		{D4856B35-F6F4-4C91-B536-AB2C90CF4F41}.Ad-Hoc|Any CPU.ActiveCfg = Ad-Hoc|iPhone
		{D4856B35-F6F4-4C91-B536-AB2C90CF4F41}.Ad-Hoc|ARM.ActiveCfg = Ad-Hoc|iPhone
		{D4856B35-F6F4-4C91-B536-AB2C90CF4F41}.Ad-Hoc|iPhone.ActiveCfg = Ad-Hoc|iPhone
		{D4856B35-F6F4-4C91-B536-AB2C90CF4F41}.Ad-Hoc|iPhone.Build.0 = Ad-Hoc|iPhone
		{D4856B35-F6F4-4C91-B536-AB2C90CF4F41}.Ad-Hoc|iPhoneSimulator.ActiveCfg = Ad-Hoc|iPhoneSimulator
		{D4856B35-F6F4-4C91-B536-AB2C90CF4F41}.Ad-Hoc|iPhoneSimulator.Build.0 = Ad-Hoc|iPhoneSimulator
		{D4856B35-F6F4-4C91-B536-AB2C90CF4F41}.Ad-Hoc|x64.ActiveCfg = Ad-Hoc|iPhone
		{D4856B35-F6F4-4C91-B536-AB2C90CF4F41}.Ad-Hoc|x86.ActiveCfg = Ad-Hoc|iPhone
		{D4856B35-F6F4-4C91-B536-AB2C90CF4F41}.AppStore|Any CPU.ActiveCfg = AppStore|iPhone
		{D4856B35-F6F4-4C91-B536-AB2C90CF4F41}.AppStore|ARM.ActiveCfg = AppStore|iPhone
		{D4856B35-F6F4-4C91-B536-AB2C90CF4F41}.AppStore|iPhone.ActiveCfg = AppStore|iPhone
		{D4856B35-F6F4-4C91-B536-AB2C90CF4F41}.AppStore|iPhone.Build.0 = AppStore|iPhone
		{D4856B35-F6F4-4C91-B536-AB2C90CF4F41}.AppStore|iPhoneSimulator.ActiveCfg = AppStore|iPhoneSimulator
		{D4856B35-F6F4-4C91-B536-AB2C90CF4F41}.AppStore|iPhoneSimulator.Build.0 = AppStore|iPhoneSimulator
		{D4856B35-F6F4-4C91-B536-AB2C90CF4F41}.AppStore|x64.ActiveCfg = AppStore|iPhone
		{D4856B35-F6F4-4C91-B536-AB2C90CF4F41}.AppStore|x86.ActiveCfg = AppStore|iPhone
		{D4856B35-F6F4-4C91-B536-AB2C90CF4F41}.Debug|Any CPU.ActiveCfg = Debug|iPhone
		{D4856B35-F6F4-4C91-B536-AB2C90CF4F41}.Debug|ARM.ActiveCfg = Debug|iPhone
		{D4856B35-F6F4-4C91-B536-AB2C90CF4F41}.Debug|iPhone.ActiveCfg = Debug|iPhone
		{D4856B35-F6F4-4C91-B536-AB2C90CF4F41}.Debug|iPhone.Build.0 = Debug|iPhone
		{D4856B35-F6F4-4C91-B536-AB2C90CF4F41}.Debug|iPhoneSimulator.ActiveCfg = Debug|iPhoneSimulator
		{D4856B35-F6F4-4C91-B536-AB2C90CF4F41}.Debug|iPhoneSimulator.Build.0 = Debug|iPhoneSimulator
		{D4856B35-F6F4-4C91-B536-AB2C90CF4F41}.Debug|x64.ActiveCfg = Debug|iPhone
		{D4856B35-F6F4-4C91-B536-AB2C90CF4F41}.Debug|x86.ActiveCfg = Debug|iPhone
		{D4856B35-F6F4-4C91-B536-AB2C90CF4F41}.Release|Any CPU.ActiveCfg = Release|iPhone
		{D4856B35-F6F4-4C91-B536-AB2C90CF4F41}.Release|ARM.ActiveCfg = Release|iPhone
		{D4856B35-F6F4-4C91-B536-AB2C90CF4F41}.Release|iPhone.ActiveCfg = Release|iPhone
		{D4856B35-F6F4-4C91-B536-AB2C90CF4F41}.Release|iPhone.Build.0 = Release|iPhone
		{D4856B35-F6F4-4C91-B536-AB2C90CF4F41}.Release|iPhoneSimulator.ActiveCfg = Release|iPhoneSimulator
		{D4856B35-F6F4-4C91-B536-AB2C90CF4F41}.Release|iPhoneSimulator.Build.0 = Release|iPhoneSimulator
		{D4856B35-F6F4-4C91-B536-AB2C90CF4F41}.Release|x64.ActiveCfg = Release|iPhone
		{D4856B35-F6F4-4C91-B536-AB2C90CF4F41}.Release|x86.ActiveCfg = Release|iPhone
		{F29D8592-948A-442E-945A-891D64F852C2}.Ad-Hoc|Any CPU.ActiveCfg = Release|Any CPU
		{F29D8592-948A-442E-945A-891D64F852C2}.Ad-Hoc|Any CPU.Build.0 = Release|Any CPU
		{F29D8592-948A-442E-945A-891D64F852C2}.Ad-Hoc|Any CPU.Deploy.0 = Release|Any CPU
		{F29D8592-948A-442E-945A-891D64F852C2}.Ad-Hoc|ARM.ActiveCfg = Release|ARM
		{F29D8592-948A-442E-945A-891D64F852C2}.Ad-Hoc|ARM.Build.0 = Release|ARM
		{F29D8592-948A-442E-945A-891D64F852C2}.Ad-Hoc|ARM.Deploy.0 = Release|ARM
		{F29D8592-948A-442E-945A-891D64F852C2}.Ad-Hoc|iPhone.ActiveCfg = Release|Any CPU
		{F29D8592-948A-442E-945A-891D64F852C2}.Ad-Hoc|iPhone.Build.0 = Release|Any CPU
		{F29D8592-948A-442E-945A-891D64F852C2}.Ad-Hoc|iPhone.Deploy.0 = Release|Any CPU
		{F29D8592-948A-442E-945A-891D64F852C2}.Ad-Hoc|iPhoneSimulator.ActiveCfg = Release|Any CPU
		{F29D8592-948A-442E-945A-891D64F852C2}.Ad-Hoc|iPhoneSimulator.Build.0 = Release|Any CPU
		{F29D8592-948A-442E-945A-891D64F852C2}.Ad-Hoc|iPhoneSimulator.Deploy.0 = Release|Any CPU
		{F29D8592-948A-442E-945A-891D64F852C2}.Ad-Hoc|x64.ActiveCfg = Release|Any CPU
		{F29D8592-948A-442E-945A-891D64F852C2}.Ad-Hoc|x64.Build.0 = Release|Any CPU
		{F29D8592-948A-442E-945A-891D64F852C2}.Ad-Hoc|x64.Deploy.0 = Release|Any CPU
		{F29D8592-948A-442E-945A-891D64F852C2}.Ad-Hoc|x86.ActiveCfg = Release|x86
		{F29D8592-948A-442E-945A-891D64F852C2}.Ad-Hoc|x86.Build.0 = Release|x86
		{F29D8592-948A-442E-945A-891D64F852C2}.Ad-Hoc|x86.Deploy.0 = Release|x86
		{F29D8592-948A-442E-945A-891D64F852C2}.AppStore|Any CPU.ActiveCfg = Release|Any CPU
		{F29D8592-948A-442E-945A-891D64F852C2}.AppStore|Any CPU.Build.0 = Release|Any CPU
		{F29D8592-948A-442E-945A-891D64F852C2}.AppStore|Any CPU.Deploy.0 = Release|Any CPU
		{F29D8592-948A-442E-945A-891D64F852C2}.AppStore|ARM.ActiveCfg = Release|ARM
		{F29D8592-948A-442E-945A-891D64F852C2}.AppStore|ARM.Build.0 = Release|ARM
		{F29D8592-948A-442E-945A-891D64F852C2}.AppStore|ARM.Deploy.0 = Release|ARM
		{F29D8592-948A-442E-945A-891D64F852C2}.AppStore|iPhone.ActiveCfg = Release|Any CPU
		{F29D8592-948A-442E-945A-891D64F852C2}.AppStore|iPhone.Build.0 = Release|Any CPU
		{F29D8592-948A-442E-945A-891D64F852C2}.AppStore|iPhone.Deploy.0 = Release|Any CPU
		{F29D8592-948A-442E-945A-891D64F852C2}.AppStore|iPhoneSimulator.ActiveCfg = Release|Any CPU
		{F29D8592-948A-442E-945A-891D64F852C2}.AppStore|iPhoneSimulator.Build.0 = Release|Any CPU
		{F29D8592-948A-442E-945A-891D64F852C2}.AppStore|iPhoneSimulator.Deploy.0 = Release|Any CPU
		{F29D8592-948A-442E-945A-891D64F852C2}.AppStore|x64.ActiveCfg = Release|Any CPU
		{F29D8592-948A-442E-945A-891D64F852C2}.AppStore|x64.Build.0 = Release|Any CPU
		{F29D8592-948A-442E-945A-891D64F852C2}.AppStore|x64.Deploy.0 = Release|Any CPU
		{F29D8592-948A-442E-945A-891D64F852C2}.AppStore|x86.ActiveCfg = Release|x86
		{F29D8592-948A-442E-945A-891D64F852C2}.AppStore|x86.Build.0 = Release|x86
		{F29D8592-948A-442E-945A-891D64F852C2}.AppStore|x86.Deploy.0 = Release|x86
		{F29D8592-948A-442E-945A-891D64F852C2}.Debug|Any CPU.ActiveCfg = Debug|Any CPU
		{F29D8592-948A-442E-945A-891D64F852C2}.Debug|Any CPU.Build.0 = Debug|Any CPU
		{F29D8592-948A-442E-945A-891D64F852C2}.Debug|Any CPU.Deploy.0 = Debug|Any CPU
		{F29D8592-948A-442E-945A-891D64F852C2}.Debug|ARM.ActiveCfg = Debug|ARM
		{F29D8592-948A-442E-945A-891D64F852C2}.Debug|ARM.Build.0 = Debug|ARM
		{F29D8592-948A-442E-945A-891D64F852C2}.Debug|ARM.Deploy.0 = Debug|ARM
		{F29D8592-948A-442E-945A-891D64F852C2}.Debug|iPhone.ActiveCfg = Debug|Any CPU
		{F29D8592-948A-442E-945A-891D64F852C2}.Debug|iPhone.Build.0 = Debug|Any CPU
		{F29D8592-948A-442E-945A-891D64F852C2}.Debug|iPhone.Deploy.0 = Debug|Any CPU
		{F29D8592-948A-442E-945A-891D64F852C2}.Debug|iPhoneSimulator.ActiveCfg = Debug|Any CPU
		{F29D8592-948A-442E-945A-891D64F852C2}.Debug|iPhoneSimulator.Build.0 = Debug|Any CPU
		{F29D8592-948A-442E-945A-891D64F852C2}.Debug|iPhoneSimulator.Deploy.0 = Debug|Any CPU
		{F29D8592-948A-442E-945A-891D64F852C2}.Debug|x64.ActiveCfg = Debug|Any CPU
		{F29D8592-948A-442E-945A-891D64F852C2}.Debug|x64.Build.0 = Debug|Any CPU
		{F29D8592-948A-442E-945A-891D64F852C2}.Debug|x64.Deploy.0 = Debug|Any CPU
		{F29D8592-948A-442E-945A-891D64F852C2}.Debug|x86.ActiveCfg = Debug|x86
		{F29D8592-948A-442E-945A-891D64F852C2}.Debug|x86.Build.0 = Debug|x86
		{F29D8592-948A-442E-945A-891D64F852C2}.Debug|x86.Deploy.0 = Debug|x86
		{F29D8592-948A-442E-945A-891D64F852C2}.Release|Any CPU.ActiveCfg = Release|Any CPU
		{F29D8592-948A-442E-945A-891D64F852C2}.Release|Any CPU.Build.0 = Release|Any CPU
		{F29D8592-948A-442E-945A-891D64F852C2}.Release|Any CPU.Deploy.0 = Release|Any CPU
		{F29D8592-948A-442E-945A-891D64F852C2}.Release|ARM.ActiveCfg = Release|ARM
		{F29D8592-948A-442E-945A-891D64F852C2}.Release|ARM.Build.0 = Release|ARM
		{F29D8592-948A-442E-945A-891D64F852C2}.Release|ARM.Deploy.0 = Release|ARM
		{F29D8592-948A-442E-945A-891D64F852C2}.Release|iPhone.ActiveCfg = Release|Any CPU
		{F29D8592-948A-442E-945A-891D64F852C2}.Release|iPhone.Build.0 = Release|Any CPU
		{F29D8592-948A-442E-945A-891D64F852C2}.Release|iPhone.Deploy.0 = Release|Any CPU
		{F29D8592-948A-442E-945A-891D64F852C2}.Release|iPhoneSimulator.ActiveCfg = Release|Any CPU
		{F29D8592-948A-442E-945A-891D64F852C2}.Release|iPhoneSimulator.Build.0 = Release|Any CPU
		{F29D8592-948A-442E-945A-891D64F852C2}.Release|iPhoneSimulator.Deploy.0 = Release|Any CPU
		{F29D8592-948A-442E-945A-891D64F852C2}.Release|x64.ActiveCfg = Release|Any CPU
		{F29D8592-948A-442E-945A-891D64F852C2}.Release|x64.Build.0 = Release|Any CPU
		{F29D8592-948A-442E-945A-891D64F852C2}.Release|x64.Deploy.0 = Release|Any CPU
		{F29D8592-948A-442E-945A-891D64F852C2}.Release|x86.ActiveCfg = Release|x86
		{F29D8592-948A-442E-945A-891D64F852C2}.Release|x86.Build.0 = Release|x86
		{F29D8592-948A-442E-945A-891D64F852C2}.Release|x86.Deploy.0 = Release|x86
		{8F65E3D0-C629-43FB-B413-22D0C4148AA3}.Ad-Hoc|Any CPU.ActiveCfg = Release|Any CPU
		{8F65E3D0-C629-43FB-B413-22D0C4148AA3}.Ad-Hoc|Any CPU.Build.0 = Release|Any CPU
		{8F65E3D0-C629-43FB-B413-22D0C4148AA3}.Ad-Hoc|Any CPU.Deploy.0 = Release|Any CPU
		{8F65E3D0-C629-43FB-B413-22D0C4148AA3}.Ad-Hoc|ARM.ActiveCfg = Release|ARM
		{8F65E3D0-C629-43FB-B413-22D0C4148AA3}.Ad-Hoc|ARM.Build.0 = Release|ARM
		{8F65E3D0-C629-43FB-B413-22D0C4148AA3}.Ad-Hoc|ARM.Deploy.0 = Release|ARM
		{8F65E3D0-C629-43FB-B413-22D0C4148AA3}.Ad-Hoc|iPhone.ActiveCfg = Release|Any CPU
		{8F65E3D0-C629-43FB-B413-22D0C4148AA3}.Ad-Hoc|iPhone.Build.0 = Release|Any CPU
		{8F65E3D0-C629-43FB-B413-22D0C4148AA3}.Ad-Hoc|iPhone.Deploy.0 = Release|Any CPU
		{8F65E3D0-C629-43FB-B413-22D0C4148AA3}.Ad-Hoc|iPhoneSimulator.ActiveCfg = Release|Any CPU
		{8F65E3D0-C629-43FB-B413-22D0C4148AA3}.Ad-Hoc|iPhoneSimulator.Build.0 = Release|Any CPU
		{8F65E3D0-C629-43FB-B413-22D0C4148AA3}.Ad-Hoc|iPhoneSimulator.Deploy.0 = Release|Any CPU
		{8F65E3D0-C629-43FB-B413-22D0C4148AA3}.Ad-Hoc|x64.ActiveCfg = Release|x64
		{8F65E3D0-C629-43FB-B413-22D0C4148AA3}.Ad-Hoc|x64.Build.0 = Release|x64
		{8F65E3D0-C629-43FB-B413-22D0C4148AA3}.Ad-Hoc|x64.Deploy.0 = Release|x64
		{8F65E3D0-C629-43FB-B413-22D0C4148AA3}.Ad-Hoc|x86.ActiveCfg = Release|x86
		{8F65E3D0-C629-43FB-B413-22D0C4148AA3}.Ad-Hoc|x86.Build.0 = Release|x86
		{8F65E3D0-C629-43FB-B413-22D0C4148AA3}.Ad-Hoc|x86.Deploy.0 = Release|x86
		{8F65E3D0-C629-43FB-B413-22D0C4148AA3}.AppStore|Any CPU.ActiveCfg = Release|Any CPU
		{8F65E3D0-C629-43FB-B413-22D0C4148AA3}.AppStore|Any CPU.Build.0 = Release|Any CPU
		{8F65E3D0-C629-43FB-B413-22D0C4148AA3}.AppStore|Any CPU.Deploy.0 = Release|Any CPU
		{8F65E3D0-C629-43FB-B413-22D0C4148AA3}.AppStore|ARM.ActiveCfg = Release|ARM
		{8F65E3D0-C629-43FB-B413-22D0C4148AA3}.AppStore|ARM.Build.0 = Release|ARM
		{8F65E3D0-C629-43FB-B413-22D0C4148AA3}.AppStore|ARM.Deploy.0 = Release|ARM
		{8F65E3D0-C629-43FB-B413-22D0C4148AA3}.AppStore|iPhone.ActiveCfg = Release|Any CPU
		{8F65E3D0-C629-43FB-B413-22D0C4148AA3}.AppStore|iPhone.Build.0 = Release|Any CPU
		{8F65E3D0-C629-43FB-B413-22D0C4148AA3}.AppStore|iPhone.Deploy.0 = Release|Any CPU
		{8F65E3D0-C629-43FB-B413-22D0C4148AA3}.AppStore|iPhoneSimulator.ActiveCfg = Release|Any CPU
		{8F65E3D0-C629-43FB-B413-22D0C4148AA3}.AppStore|iPhoneSimulator.Build.0 = Release|Any CPU
		{8F65E3D0-C629-43FB-B413-22D0C4148AA3}.AppStore|iPhoneSimulator.Deploy.0 = Release|Any CPU
		{8F65E3D0-C629-43FB-B413-22D0C4148AA3}.AppStore|x64.ActiveCfg = Release|x64
		{8F65E3D0-C629-43FB-B413-22D0C4148AA3}.AppStore|x64.Build.0 = Release|x64
		{8F65E3D0-C629-43FB-B413-22D0C4148AA3}.AppStore|x64.Deploy.0 = Release|x64
		{8F65E3D0-C629-43FB-B413-22D0C4148AA3}.AppStore|x86.ActiveCfg = Release|x86
		{8F65E3D0-C629-43FB-B413-22D0C4148AA3}.AppStore|x86.Build.0 = Release|x86
		{8F65E3D0-C629-43FB-B413-22D0C4148AA3}.AppStore|x86.Deploy.0 = Release|x86
		{8F65E3D0-C629-43FB-B413-22D0C4148AA3}.Debug|Any CPU.ActiveCfg = Debug|Any CPU
		{8F65E3D0-C629-43FB-B413-22D0C4148AA3}.Debug|Any CPU.Build.0 = Debug|Any CPU
		{8F65E3D0-C629-43FB-B413-22D0C4148AA3}.Debug|Any CPU.Deploy.0 = Debug|Any CPU
		{8F65E3D0-C629-43FB-B413-22D0C4148AA3}.Debug|ARM.ActiveCfg = Debug|ARM
		{8F65E3D0-C629-43FB-B413-22D0C4148AA3}.Debug|ARM.Build.0 = Debug|ARM
		{8F65E3D0-C629-43FB-B413-22D0C4148AA3}.Debug|ARM.Deploy.0 = Debug|ARM
		{8F65E3D0-C629-43FB-B413-22D0C4148AA3}.Debug|iPhone.ActiveCfg = Debug|Any CPU
		{8F65E3D0-C629-43FB-B413-22D0C4148AA3}.Debug|iPhone.Build.0 = Debug|Any CPU
		{8F65E3D0-C629-43FB-B413-22D0C4148AA3}.Debug|iPhone.Deploy.0 = Debug|Any CPU
		{8F65E3D0-C629-43FB-B413-22D0C4148AA3}.Debug|iPhoneSimulator.ActiveCfg = Debug|Any CPU
		{8F65E3D0-C629-43FB-B413-22D0C4148AA3}.Debug|iPhoneSimulator.Build.0 = Debug|Any CPU
		{8F65E3D0-C629-43FB-B413-22D0C4148AA3}.Debug|iPhoneSimulator.Deploy.0 = Debug|Any CPU
		{8F65E3D0-C629-43FB-B413-22D0C4148AA3}.Debug|x64.ActiveCfg = Debug|x64
		{8F65E3D0-C629-43FB-B413-22D0C4148AA3}.Debug|x64.Build.0 = Debug|x64
		{8F65E3D0-C629-43FB-B413-22D0C4148AA3}.Debug|x64.Deploy.0 = Debug|x64
		{8F65E3D0-C629-43FB-B413-22D0C4148AA3}.Debug|x86.ActiveCfg = Debug|x86
		{8F65E3D0-C629-43FB-B413-22D0C4148AA3}.Debug|x86.Build.0 = Debug|x86
		{8F65E3D0-C629-43FB-B413-22D0C4148AA3}.Debug|x86.Deploy.0 = Debug|x86
		{8F65E3D0-C629-43FB-B413-22D0C4148AA3}.Release|Any CPU.ActiveCfg = Release|Any CPU
		{8F65E3D0-C629-43FB-B413-22D0C4148AA3}.Release|Any CPU.Build.0 = Release|Any CPU
		{8F65E3D0-C629-43FB-B413-22D0C4148AA3}.Release|Any CPU.Deploy.0 = Release|Any CPU
		{8F65E3D0-C629-43FB-B413-22D0C4148AA3}.Release|ARM.ActiveCfg = Release|ARM
		{8F65E3D0-C629-43FB-B413-22D0C4148AA3}.Release|ARM.Build.0 = Release|ARM
		{8F65E3D0-C629-43FB-B413-22D0C4148AA3}.Release|ARM.Deploy.0 = Release|ARM
		{8F65E3D0-C629-43FB-B413-22D0C4148AA3}.Release|iPhone.ActiveCfg = Release|Any CPU
		{8F65E3D0-C629-43FB-B413-22D0C4148AA3}.Release|iPhone.Build.0 = Release|Any CPU
		{8F65E3D0-C629-43FB-B413-22D0C4148AA3}.Release|iPhone.Deploy.0 = Release|Any CPU
		{8F65E3D0-C629-43FB-B413-22D0C4148AA3}.Release|iPhoneSimulator.ActiveCfg = Release|Any CPU
		{8F65E3D0-C629-43FB-B413-22D0C4148AA3}.Release|iPhoneSimulator.Build.0 = Release|Any CPU
		{8F65E3D0-C629-43FB-B413-22D0C4148AA3}.Release|iPhoneSimulator.Deploy.0 = Release|Any CPU
		{8F65E3D0-C629-43FB-B413-22D0C4148AA3}.Release|x64.ActiveCfg = Release|x64
		{8F65E3D0-C629-43FB-B413-22D0C4148AA3}.Release|x64.Build.0 = Release|x64
		{8F65E3D0-C629-43FB-B413-22D0C4148AA3}.Release|x64.Deploy.0 = Release|x64
		{8F65E3D0-C629-43FB-B413-22D0C4148AA3}.Release|x86.ActiveCfg = Release|x86
		{8F65E3D0-C629-43FB-B413-22D0C4148AA3}.Release|x86.Build.0 = Release|x86
		{8F65E3D0-C629-43FB-B413-22D0C4148AA3}.Release|x86.Deploy.0 = Release|x86
	EndGlobalSection
	GlobalSection(SolutionProperties) = preSolution
		HideSolutionNode = FALSE
	EndGlobalSection
EndGlobal
